{
    "_meta": {
        "hash": {
            "sha256": "03c4a1de800a280a806ca18a2b32da6fe7846237a013b6dd7b95a55b10436293"
        },
        "pipfile-spec": 6,
        "requires": {
            "python_version": "3.7"
        },
        "sources": [
            {
                "name": "pypi",
                "url": "https://pypi.python.org/simple",
                "verify_ssl": true
            }
        ]
    },
    "default": {
        "asgiref": {
            "hashes": [
                "sha256:5ee950735509d04eb673bd7f7120f8fa1c9e2df495394992c73234d526907e17",
                "sha256:7162a3cb30ab0609f1a4c95938fd73e8604f63bdba516a7f7d64b83ff09478f0"
            ],
            "version": "==3.3.1"
        },
        "cachecontrol": {
            "hashes": [
                "sha256:10d056fa27f8563a271b345207402a6dcce8efab7e5b377e270329c62471b10d",
                "sha256:be9aa45477a134aee56c8fac518627e1154df063e85f67d4f83ce0ccc23688e8"
            ],
            "version": "==0.12.6"
        },
        "cachetools": {
            "hashes": [
                "sha256:3796e1de094f0eaca982441c92ce96c68c89cced4cd97721ab297ea4b16db90e",
                "sha256:c6b07a6ded8c78bf36730b3dc452dfff7d95f2a12a2fed856b1a0cb13ca78c61"
            ],
            "version": "==4.2.0"
        },
        "certifi": {
            "hashes": [
                "sha256:1a4995114262bffbc2413b159f2a1a480c969de6e6eb13ee966d470af86af59c",
                "sha256:719a74fb9e33b9bd44cc7f3a8d94bc35e4049deebe19ba7d8e108280cfd59830"
            ],
            "version": "==2020.12.5"
        },
        "cffi": {
            "hashes": [
                "sha256:00a1ba5e2e95684448de9b89888ccd02c98d512064b4cb987d48f4b40aa0421e",
                "sha256:00e28066507bfc3fe865a31f325c8391a1ac2916219340f87dfad602c3e48e5d",
                "sha256:045d792900a75e8b1e1b0ab6787dd733a8190ffcf80e8c8ceb2fb10a29ff238a",
                "sha256:0638c3ae1a0edfb77c6765d487fee624d2b1ee1bdfeffc1f0b58c64d149e7eec",
                "sha256:105abaf8a6075dc96c1fe5ae7aae073f4696f2905fde6aeada4c9d2926752362",
                "sha256:155136b51fd733fa94e1c2ea5211dcd4c8879869008fc811648f16541bf99668",
                "sha256:1a465cbe98a7fd391d47dce4b8f7e5b921e6cd805ef421d04f5f66ba8f06086c",
                "sha256:1d2c4994f515e5b485fd6d3a73d05526aa0fcf248eb135996b088d25dfa1865b",
                "sha256:2c24d61263f511551f740d1a065eb0212db1dbbbbd241db758f5244281590c06",
                "sha256:51a8b381b16ddd370178a65360ebe15fbc1c71cf6f584613a7ea08bfad946698",
                "sha256:594234691ac0e9b770aee9fcdb8fa02c22e43e5c619456efd0d6c2bf276f3eb2",
                "sha256:5cf4be6c304ad0b6602f5c4e90e2f59b47653ac1ed9c662ed379fe48a8f26b0c",
                "sha256:64081b3f8f6f3c3de6191ec89d7dc6c86a8a43911f7ecb422c60e90c70be41c7",
                "sha256:6bc25fc545a6b3d57b5f8618e59fc13d3a3a68431e8ca5fd4c13241cd70d0009",
                "sha256:798caa2a2384b1cbe8a2a139d80734c9db54f9cc155c99d7cc92441a23871c03",
                "sha256:7c6b1dece89874d9541fc974917b631406233ea0440d0bdfbb8e03bf39a49b3b",
                "sha256:840793c68105fe031f34d6a086eaea153a0cd5c491cde82a74b420edd0a2b909",
                "sha256:8d6603078baf4e11edc4168a514c5ce5b3ba6e3e9c374298cb88437957960a53",
                "sha256:9cc46bc107224ff5b6d04369e7c595acb700c3613ad7bcf2e2012f62ece80c35",
                "sha256:9f7a31251289b2ab6d4012f6e83e58bc3b96bd151f5b5262467f4bb6b34a7c26",
                "sha256:9ffb888f19d54a4d4dfd4b3f29bc2c16aa4972f1c2ab9c4ab09b8ab8685b9c2b",
                "sha256:a5ed8c05548b54b998b9498753fb9cadbfd92ee88e884641377d8a8b291bcc01",
                "sha256:a7711edca4dcef1a75257b50a2fbfe92a65187c47dab5a0f1b9b332c5919a3fb",
                "sha256:af5c59122a011049aad5dd87424b8e65a80e4a6477419c0c1015f73fb5ea0293",
                "sha256:b18e0a9ef57d2b41f5c68beefa32317d286c3d6ac0484efd10d6e07491bb95dd",
                "sha256:b4e248d1087abf9f4c10f3c398896c87ce82a9856494a7155823eb45a892395d",
                "sha256:ba4e9e0ae13fc41c6b23299545e5ef73055213e466bd107953e4a013a5ddd7e3",
                "sha256:c6332685306b6417a91b1ff9fae889b3ba65c2292d64bd9245c093b1b284809d",
                "sha256:d5ff0621c88ce83a28a10d2ce719b2ee85635e85c515f12bac99a95306da4b2e",
                "sha256:d9efd8b7a3ef378dd61a1e77367f1924375befc2eba06168b6ebfa903a5e59ca",
                "sha256:df5169c4396adc04f9b0a05f13c074df878b6052430e03f50e68adf3a57aa28d",
                "sha256:ebb253464a5d0482b191274f1c8bf00e33f7e0b9c66405fbffc61ed2c839c775",
                "sha256:ec80dc47f54e6e9a78181ce05feb71a0353854cc26999db963695f950b5fb375",
                "sha256:f032b34669220030f905152045dfa27741ce1a6db3324a5bc0b96b6c7420c87b",
                "sha256:f60567825f791c6f8a592f3c6e3bd93dd2934e3f9dac189308426bd76b00ef3b",
                "sha256:f803eaa94c2fcda012c047e62bc7a51b0bdabda1cad7a92a522694ea2d76e49f"
            ],
            "version": "==1.14.4"
        },
        "chardet": {
            "hashes": [
                "sha256:0d6f53a15db4120f2b08c94f11e7d93d2c911ee118b6b30a04ec3ee8310179fa",
                "sha256:f864054d66fd9118f2e67044ac8981a54775ec5b67aed0441892edb553d21da5"
            ],
            "version": "==4.0.0"
        },
        "django": {
            "hashes": [
                "sha256:5c866205f15e7a7123f1eec6ab939d22d5bde1416635cab259684af66d8e48a2",
                "sha256:edb10b5c45e7e9c0fb1dc00b76ec7449aca258a39ffd613dbd078c51d19c9f03"
            ],
            "index": "pypi",
            "version": "==3.1.4"
        },
        "django-scss": {
            "hashes": [
                "sha256:201545148b5531680a4729c4aa36f08cfe5c256eecfe4e075a90c20e79c06693"
            ],
            "index": "pypi",
            "version": "==0.6.1"
        },
        "firebase-admin": {
            "hashes": [
                "sha256:8b2ba6fccfb2fa522bd0bcbf8d3f081e8a11eeda1ae02c31e843d507bde25896",
                "sha256:fa51f24dfebea17fd7eef2e068067a21d49da16ff3ee14aa95c8b347d5b5f2e8"
            ],
            "index": "pypi",
            "version": "==4.5.0"
        },
        "google-api-core": {
            "hashes": [
                "sha256:0f1dee446db2685863c3c493a90fefa5fc7f4defaf8e1a320b50ccaddfb5d469",
                "sha256:a7f5794446a22ff7d36764959ba5f319f37628faf4da04fdc0dedf1598b556c1"
            ],
            "version": "==1.24.1"
        },
        "google-api-python-client": {
            "hashes": [
                "sha256:3c4c4ca46b5c21196bec7ee93453443e477d82cbfa79234d1ce0645f81170eaf",
                "sha256:f3b9684442eec2cfe9f9bb48e796ef919456b82142c7528c5fd527e5224f08bb"
            ],
            "version": "==1.12.8"
        },
        "google-auth": {
            "hashes": [
                "sha256:0b0e026b412a0ad096e753907559e4bdb180d9ba9f68dd9036164db4fdc4ad2e",
                "sha256:ce752cc51c31f479dbf9928435ef4b07514b20261b021c7383bee4bda646acb8"
            ],
            "version": "==1.24.0"
        },
        "google-auth-httplib2": {
            "hashes": [
                "sha256:8d092cc60fb16517b12057ec0bba9185a96e3b7169d86ae12eae98e645b7bc39",
                "sha256:aeaff501738b289717fac1980db9711d77908a6c227f60e4aa1923410b43e2ee"
            ],
            "version": "==0.0.4"
        },
        "google-cloud-core": {
            "hashes": [
                "sha256:1277a015f8eeb014c48f2ec094ed5368358318f1146cf49e8de389962dc19106",
                "sha256:99a8a15f406f53f2b11bda1f45f952a9cdfbdbba8abf40c75651019d800879f5"
            ],
            "version": "==1.5.0"
        },
        "google-cloud-firestore": {
            "hashes": [
                "sha256:493d2be721d1c43654b114c40566cfc77d659d14e0e79fa8ead2ae38ef13bae0",
                "sha256:edfc0b32cada10d58d3fb4654f9d806bb0506341fc544301130b45861b27d17a"
            ],
            "markers": "platform_python_implementation != 'PyPy'",
            "version": "==2.0.2"
        },
        "google-cloud-storage": {
            "hashes": [
                "sha256:555c0db2f88f3419f123bf9c621d7fd92f7c9e4f8b11f08eda57facacba16a9e",
                "sha256:7b48b74683dafec5da315c7b0861ab168c208e04c763aa5db7ea8d7ecd8b6c5d"
            ],
            "version": "==1.35.0"
        },
        "google-crc32c": {
            "hashes": [
                "sha256:279f38be88b274872d9c9ef8d0479a0bc3279e5b7faebea45a86501d18000242",
                "sha256:28e0712ddb73ba02e5a4f03d571a864e8a1e64941e394a8ace1118128903c73b",
                "sha256:4a9ab614ec85d0977af76a093cab514ce78ec20ba3cecd3af4715a111a5ec250",
                "sha256:55e44136e0a23de7f31207644d5765c1c55402f7b23bf1a6625317f4d50c8725",
                "sha256:6385d87cd15a7c9f7ff63b08f6d01c8665053ad69f1ac80054cf7a94a7139bfc",
                "sha256:6a6f3a365de5f433e41602b73df21306f67f02f15fdd2750961ae7d4a4629863",
                "sha256:82b4ce1c515a455f21e4f6aea8d45252e2b319fa604b8d9f2cb301d5a752f578",
                "sha256:9ad95a167f7bf8e27992677b5b1e411eaadf0ffa81961fa203d88b2be5394618",
                "sha256:ade6f03d3670bec8ccc1b9a6ca7123985c14e83923ecba2b88dedd3f88e795e5",
                "sha256:bb1d7efb881406963dd919fbc3db4f248a5aa0c600295b2a65ea68d4ca79032a",
                "sha256:d0cede9482ec2c3cc3c1b8fa11c10f1ac4760e1dbd8efdb5e39f93420ca75bec",
                "sha256:e25e8cf79d1daf05dae69bf4dd1b73f2ee34674f4ea44176ed3cd764f206cc9d",
                "sha256:e5cc963e4c76f1c85a4b5045f86fdbb501c1ff0579a3d40431eac2137508af68",
                "sha256:e9be2ccfc510fc84a7de875d8f8e59d70818c819fbd0f74ff0a8aa4a1c057f94",
                "sha256:ebc3c794d9f96d0fbb5177984e12206d3d7371762f67782cfd150e32722b8aed",
                "sha256:f050433604b55ff7efbca099d0b806dcbbf5fc1eec2a2640eb61ca0e44aaed5b"
            ],
            "markers": "python_version >= '3.5'",
            "version": "==1.1.0"
        },
        "google-resumable-media": {
            "hashes": [
                "sha256:dbe670cd7f02f3586705fd5a108c8ab8552fa36a1cad8afbc5a54e982cf34f0c",
                "sha256:ee98b1921e5bda94867a08c864e55b4763d63887664f49ee1c231988f56b9d43"
            ],
            "version": "==1.2.0"
        },
        "googleapis-common-protos": {
            "hashes": [
                "sha256:560716c807117394da12cecb0a54da5a451b5cf9866f1d37e9a5e2329a665351",
                "sha256:c8961760f5aad9a711d37b675be103e0cc4e9a39327e0d6d857872f698403e24"
            ],
            "version": "==1.52.0"
        },
        "grpcio": {
            "hashes": [
                "sha256:205eda06d8aeffc87a1e29ff1f090546adf0b6e766378cc4c13686534397fdb4",
                "sha256:20606ec7c265f81c5a0226f69842dc8dde66d921968ab9448e59d440cf98bebf",
                "sha256:25958bd7c6773e6de79781cc0d6f19d0c82332984dd07ef238889e93485d5afc",
                "sha256:2ea864ae3d3abc99d3988d1d27dee3f6350b60149ccf810a89cd9a9d02a675d6",
                "sha256:2f54046ca2a81ff45ec8f6d3d7447ad562adb067c3640c35354e440fd771b625",
                "sha256:2fd4a80f267aa258f5a74df5fe243eff80299a4f5b356c1da53f6f5793bbbf4b",
                "sha256:32ad56f6d3d7e699f9a0d62719f2de9092e79f444d875d70f58cf7f8bb19684c",
                "sha256:32fbc78d558d9468a4b16f79f4130daec8e431bc7a3b1775b0e98f09a7ab45a2",
                "sha256:43fafebcc2e81d012f7147a0ddf9be69864c40fc4edd9844937eba0020508297",
                "sha256:49da07ae43c552280b8b4c70617f9b589588404c2545d6eba2c55179b3d836af",
                "sha256:4a2c85cd4a67c36fe12535fe32eb336635843d1eb31d3fa301444e60a8df9c90",
                "sha256:50c4f10e7deff96d197bc6d1988c2a5a0bc6252bbd31d7fb374ce8923f937e7a",
                "sha256:57a30f9df0f5342e4dad384e7023b9f88742c325838da977828c37f49eb8940a",
                "sha256:5b105adb44486fb594b8d8142b5d4fbe50cb125c77ac7d270f5d0277ce5c554a",
                "sha256:5d8108b240fd5b8a0483f95ab2651fe2d633311faae93a12938ea06cf61a5efd",
                "sha256:5e8e6035d4f9ab856ab437e381e652b31dfd42443d2243d45bdf4b90adaf3559",
                "sha256:69127393fc3513da228bc3908914df2284923e0eacf8d73f21ad387317450317",
                "sha256:6fafdba42c26bbdf78948c09a93a8b3a8a509c66c6b4324bc1fb360bf4e82b9d",
                "sha256:72b6a89aabf937d706946230f5aa13bdf7d2a42874810fa54436c647577b543e",
                "sha256:843436e69c37eb45b0285fa42f7acc06d147f2e9c1d515b0f901e94d40107e79",
                "sha256:8d92e884f6d67b9a2a4514631d3c9836281044caedb5fd34d4ce2bbec138c87d",
                "sha256:923a3b18badc3749c4d715216934f62f46a818790e325ece6184d07e7d6c7f73",
                "sha256:924d5e8b18942ebea1260e60be7e2bde2a3587ea386190b442790f84180bf372",
                "sha256:9550b7c9d2f11579b484accc6183e02ebe33ce80a0ff15f5c28895df6b3d3108",
                "sha256:9579f22222ac89ceee64c1101cced6434d9f6b12078b43ece0f9d8ebdb657f73",
                "sha256:95de4ad9ae39590668e3330d414253f672aedd46cc107d7f71b4a2268f3d6066",
                "sha256:98b0b6e44c451093354a38b620e6e0df958b0710abd6a0ddd84da84424bce003",
                "sha256:a1024006fe61ee7e43e7099faf08f4508ea0c944a1558e8d715a5b4556937ace",
                "sha256:a403ed4d8fcc441a2c2ec9ede838b0ae5f9da996d950cf2ff9f82242b496e0a7",
                "sha256:bbd3522f821fb5d01049db214fb9f949a8b2d92761c2780a20ff73818efd5360",
                "sha256:bd7634f8c49c8467fec5fd9e0d1abb205b0aa61670ff0113ef835ca6548aad3d",
                "sha256:bda0f52eb1279a7119526df2ef33ea2808691120daf9effaf60ca0c07f76058a",
                "sha256:beef6be49ada569edf3b73fd4eb57d6c2af7e10c0c82a210dbe51de7c4a1ed53",
                "sha256:c88ce184973fe2035ffa176eb08cd492db090505e6b1ddc68b5cc1e0b01a07a0",
                "sha256:c89b6a3eca8eae10eea78896ccfdc9d04aa2f7b2ee96de20246e5c96494c68f5",
                "sha256:d16f7f5a10bf24640fa639974d409c220e587b3e2fa2620af00d43ba36dafc2c",
                "sha256:dc45f5750ce50f34f20a0607efae5c797d01681a44465b8287bebef1e9847d5b",
                "sha256:dea35dcf09aee91552cb4b3e250efdbcb79564b5b5517246bcbead8d5871e291",
                "sha256:dfa098a6ff8d1b68ed7bd655150ee91f57c29042c093ff51113176aded3f0071",
                "sha256:e238a554f29d90b0e7fca15e8119b9a7c5f88faacbf9b982751ad54d639b57f8",
                "sha256:e2ffa46db9103706640c74886ac23ed18d1487a8523cc128da239e1d5a4e3301",
                "sha256:e69ac6fc9096bbb43f5276655661db746233cd320808e0d302198eb43dc7bd04",
                "sha256:e95bda60c584b3deb5c37babb44d4300cf4bf3a6c43198a244ddcaddca3fde3a",
                "sha256:f2e4d64675351a058f9cb35fe390ca0956bd2926171bfb7c87596a1ee10ff6ba",
                "sha256:f98f746cacbaa681de0bcd90d7aa77b440e3e1327a9988f6a2b580d54e27d4c3",
                "sha256:fa834f4c70b9df83d5af610097747c224513d59af1f03e8c06bca9a7d81fd1a3"
            ],
            "version": "==1.34.0"
        },
        "httplib2": {
            "hashes": [
                "sha256:8af66c1c52c7ffe1aa5dc4bcd7c769885254b0756e6e69f953c7f0ab49a70ba3",
                "sha256:ca2914b015b6247791c4866782fa6042f495b94401a0f0bd3e1d6e0ba2236782"
            ],
            "version": "==0.18.1"
        },
        "idna": {
            "hashes": [
                "sha256:b307872f855b18632ce0c21c5e45be78c0ea7ae4c15c828c20788b26921eb3f6",
                "sha256:b97d804b1e9b523befed77c48dacec60e6dcb0b5391d57af6a65a312a90648c0"
            ],
            "version": "==2.10"
        },
        "msgpack": {
            "hashes": [
                "sha256:0cb94ee48675a45d3b86e61d13c1e6f1696f0183f0715544976356ff86f741d9",
                "sha256:1026dcc10537d27dd2d26c327e552f05ce148977e9d7b9f1718748281b38c841",
                "sha256:26a1759f1a88df5f1d0b393eb582ec022326994e311ba9c5818adc5374736439",
                "sha256:2a5866bdc88d77f6e1370f82f2371c9bc6fc92fe898fa2dec0c5d4f5435a2694",
                "sha256:31c17bbf2ae5e29e48d794c693b7ca7a0c73bd4280976d408c53df421e838d2a",
                "sha256:497d2c12426adcd27ab83144057a705efb6acc7e85957a51d43cdcf7f258900f",
                "sha256:5a9ee2540c78659a1dd0b110f73773533ee3108d4e1219b5a15a8d635b7aca0e",
                "sha256:8521e5be9e3b93d4d5e07cb80b7e32353264d143c1f072309e1863174c6aadb1",
                "sha256:87869ba567fe371c4555d2e11e4948778ab6b59d6cc9d8460d543e4cfbbddd1c",
                "sha256:8ffb24a3b7518e843cd83538cf859e026d24ec41ac5721c18ed0c55101f9775b",
                "sha256:92be4b12de4806d3c36810b0fe2aeedd8d493db39e2eb90742b9c09299eb5759",
                "sha256:9ea52fff0473f9f3000987f313310208c879493491ef3ccf66268eff8d5a0326",
                "sha256:a4355d2193106c7aa77c98fc955252a737d8550320ecdb2e9ac701e15e2943bc",
                "sha256:a99b144475230982aee16b3d249170f1cccebf27fb0a08e9f603b69637a62192",
                "sha256:ac25f3e0513f6673e8b405c3a80500eb7be1cf8f57584be524c4fa78fe8e0c83",
                "sha256:b28c0876cce1466d7c2195d7658cf50e4730667196e2f1355c4209444717ee06",
                "sha256:b55f7db883530b74c857e50e149126b91bb75d35c08b28db12dcb0346f15e46e",
                "sha256:b6d9e2dae081aa35c44af9c4298de4ee72991305503442a5c74656d82b581fe9",
                "sha256:c747c0cc08bd6d72a586310bda6ea72eeb28e7505990f342552315b229a19b33",
                "sha256:d6c64601af8f3893d17ec233237030e3110f11b8a962cb66720bf70c0141aa54",
                "sha256:d8167b84af26654c1124857d71650404336f4eb5cc06900667a493fc619ddd9f",
                "sha256:de6bd7990a2c2dabe926b7e62a92886ccbf809425c347ae7de277067f97c2887",
                "sha256:e36a812ef4705a291cdb4a2fd352f013134f26c6ff63477f20235138d1d21009",
                "sha256:e89ec55871ed5473a041c0495b7b4e6099f6263438e0bd04ccd8418f92d5d7f2",
                "sha256:f3e6aaf217ac1c7ce1563cf52a2f4f5d5b1f64e8729d794165db71da57257f0c",
                "sha256:f484cd2dca68502de3704f056fa9b318c94b1539ed17a4c784266df5d6978c87",
                "sha256:fae04496f5bc150eefad4e9571d1a76c55d021325dcd484ce45065ebbdd00984",
                "sha256:fe07bc6735d08e492a327f496b7850e98cb4d112c56df69b0c844dbebcbb47f6"
            ],
            "version": "==1.0.2"
        },
        "proto-plus": {
            "hashes": [
                "sha256:61b57c5257ca583af2ea1ad40e2b8f251988806eea9f01d119088976b995b2c4"
            ],
            "version": "==1.13.0"
        },
        "protobuf": {
            "hashes": [
                "sha256:0e247612fadda953047f53301a7b0407cb0c3cb4ae25a6fde661597a04039b3c",
                "sha256:0fc96785262042e4863b3f3b5c429d4636f10d90061e1840fce1baaf59b1a836",
                "sha256:1c51fda1bbc9634246e7be6016d860be01747354ed7015ebe38acf4452f470d2",
                "sha256:1d63eb389347293d8915fb47bee0951c7b5dab522a4a60118b9a18f33e21f8ce",
                "sha256:22bcd2e284b3b1d969c12e84dc9b9a71701ec82d8ce975fdda19712e1cfd4e00",
                "sha256:2a7e2fe101a7ace75e9327b9c946d247749e564a267b0515cf41dfe450b69bac",
                "sha256:43b554b9e73a07ba84ed6cf25db0ff88b1e06be610b37656e292e3cbb5437472",
                "sha256:4b74301b30513b1a7494d3055d95c714b560fbb630d8fb9956b6f27992c9f980",
                "sha256:4e75105c9dfe13719b7293f75bd53033108f4ba03d44e71db0ec2a0e8401eafd",
                "sha256:5b7a637212cc9b2bcf85dd828b1178d19efdf74dbfe1ddf8cd1b8e01fdaaa7f5",
                "sha256:5e9806a43232a1fa0c9cf5da8dc06f6910d53e4390be1fa06f06454d888a9142",
                "sha256:629b03fd3caae7f815b0c66b41273f6b1900a579e2ccb41ef4493a4f5fb84f3a",
                "sha256:72230ed56f026dd664c21d73c5db73ebba50d924d7ba6b7c0d81a121e390406e",
                "sha256:86a75477addde4918e9a1904e5c6af8d7b691f2a3f65587d73b16100fbe4c3b2",
                "sha256:8971c421dbd7aad930c9bd2694122f332350b6ccb5202a8b7b06f3f1a5c41ed5",
                "sha256:9616f0b65a30851e62f1713336c931fcd32c057202b7ff2cfbfca0fc7d5e3043",
                "sha256:b0d5d35faeb07e22a1ddf8dce620860c8fe145426c02d1a0ae2688c6e8ede36d",
                "sha256:ecc33531a213eee22ad60e0e2aaea6c8ba0021f0cce35dbf0ab03dee6e2a23a1"
            ],
            "version": "==3.14.0"
        },
        "pyasn1": {
            "hashes": [
                "sha256:014c0e9976956a08139dc0712ae195324a75e142284d5f87f1a87ee1b068a359",
                "sha256:03840c999ba71680a131cfaee6fab142e1ed9bbd9c693e285cc6aca0d555e576",
                "sha256:0458773cfe65b153891ac249bcf1b5f8f320b7c2ce462151f8fa74de8934becf",
                "sha256:08c3c53b75eaa48d71cf8c710312316392ed40899cb34710d092e96745a358b7",
                "sha256:39c7e2ec30515947ff4e87fb6f456dfc6e84857d34be479c9d4a4ba4bf46aa5d",
                "sha256:5c9414dcfede6e441f7e8f81b43b34e834731003427e5b09e4e00e3172a10f00",
                "sha256:6e7545f1a61025a4e58bb336952c5061697da694db1cae97b116e9c46abcf7c8",
                "sha256:78fa6da68ed2727915c4767bb386ab32cdba863caa7dbe473eaae45f9959da86",
                "sha256:7ab8a544af125fb704feadb008c99a88805126fb525280b2270bb25cc1d78a12",
                "sha256:99fcc3c8d804d1bc6d9a099921e39d827026409a58f2a720dcdb89374ea0c776",
                "sha256:aef77c9fb94a3ac588e87841208bdec464471d9871bd5050a287cc9a475cd0ba",
                "sha256:e89bf84b5437b532b0803ba5c9a5e054d21fec423a89952a74f87fa2c9b7bce2",
                "sha256:fec3e9d8e36808a28efb59b489e4528c10ad0f480e57dcc32b4de5c9d8c9fdf3"
            ],
            "version": "==0.4.8"
        },
        "pyasn1-modules": {
            "hashes": [
                "sha256:0845a5582f6a02bb3e1bde9ecfc4bfcae6ec3210dd270522fee602365430c3f8",
                "sha256:0fe1b68d1e486a1ed5473f1302bd991c1611d319bba158e98b106ff86e1d7199",
                "sha256:15b7c67fabc7fc240d87fb9aabf999cf82311a6d6fb2c70d00d3d0604878c811",
                "sha256:426edb7a5e8879f1ec54a1864f16b882c2837bfd06eee62f2c982315ee2473ed",
                "sha256:65cebbaffc913f4fe9e4808735c95ea22d7a7775646ab690518c056784bc21b4",
                "sha256:905f84c712230b2c592c19470d3ca8d552de726050d1d1716282a1f6146be65e",
                "sha256:a50b808ffeb97cb3601dd25981f6b016cbb3d31fbf57a8b8a87428e6158d0c74",
                "sha256:a99324196732f53093a84c4369c996713eb8c89d360a496b599fb1a9c47fc3eb",
                "sha256:b80486a6c77252ea3a3e9b1e360bc9cf28eaac41263d173c032581ad2f20fe45",
                "sha256:c29a5e5cc7a3f05926aff34e097e84f8589cd790ce0ed41b67aed6857b26aafd",
                "sha256:cbac4bc38d117f2a49aeedec4407d23e8866ea4ac27ff2cf7fb3e5b570df19e0",
                "sha256:f39edd8c4ecaa4556e989147ebf219227e2cd2e8a43c7e7fcb1f1c18c5fd6a3d",
                "sha256:fe0644d9ab041506b62782e92b06b8c68cca799e1a9636ec398675459e031405"
            ],
            "version": "==0.2.8"
        },
        "pycparser": {
            "hashes": [
                "sha256:2d475327684562c3a96cc71adf7dc8c4f0565175cf86b6d7a404ff4c771f15f0",
                "sha256:7582ad22678f0fcd81102833f60ef8d0e57288b6b5fb00323d101be910e35705"
            ],
            "version": "==2.20"
        },
        "pytz": {
            "hashes": [
                "sha256:16962c5fb8db4a8f63a26646d8886e9d769b6c511543557bc84e9569fb9a9cb4",
                "sha256:180befebb1927b16f6b57101720075a984c019ac16b1b7575673bea42c6c3da5"
            ],
            "version": "==2020.5"
        },
        "requests": {
            "hashes": [
                "sha256:27973dd4a904a4f13b263a19c866c13b92a39ed1c964655f025f3f8d3d75b804",
                "sha256:c210084e36a42ae6b9219e00e48287def368a26d03a048ddad7bfee44f75871e"
            ],
            "version": "==2.25.1"
        },
        "rsa": {
            "hashes": [
                "sha256:109ea5a66744dd859bf16fe904b8d8b627adafb9408753161e766a92e7d681fa",
                "sha256:6166864e23d6b5195a5cfed6cd9fed0fe774e226d8f854fcb23b7bbef0350233"
            ],
            "markers": "python_version >= '3.6'",
            "version": "==4.6"
        },
        "six": {
            "hashes": [
                "sha256:30639c035cdb23534cd4aa2dd52c3bf48f06e5f4a941509c8bafd8ce11080259",
                "sha256:8b74bedcbbbaca38ff6d7491d76f2b06b3592611af620f8426e82dddb04a5ced"
            ],
            "version": "==1.15.0"
        },
        "sqlparse": {
            "hashes": [
                "sha256:017cde379adbd6a1f15a61873f43e8274179378e95ef3fede90b5aa64d304ed0",
                "sha256:0f91fd2e829c44362cbcfab3e9ae12e22badaa8a29ad5ff599f9ec109f0454e8"
            ],
            "version": "==0.4.1"
        },
        "uritemplate": {
            "hashes": [
                "sha256:07620c3f3f8eed1f12600845892b0e036a2420acf513c53f7de0abd911a5894f",
                "sha256:5af8ad10cec94f215e3f48112de2022e1d5a37ed427fbd88652fa908f2ab7cae"
            ],
            "version": "==3.0.1"
        },
        "urllib3": {
            "hashes": [
                "sha256:19188f96923873c92ccb987120ec4acaa12f0461fa9ce5d3d0772bc965a39e08",
                "sha256:d8ff90d979214d7b4f8ce956e80f4028fc6860e4431f731ea4a8c08f23f99473"
            ],
            "version": "==1.26.2"
        }
    },
    "develop": {}
}
